
Microsoft Visual Studio Solution File, Format Version 12.00
# Visual Studio Version 17
VisualStudioVersion = 17.10.35201.131
MinimumVisualStudioVersion = 10.0.40219.1
Project("{FAE04EC0-301F-11D3-BF4B-00C04F79EFBC}") = "POO2", "POO2\POO2.csproj", "{BF7B0F90-2F1A-40EF-BAE1-6FD879BA55CC}"
EndProject
Global
	GlobalSection(SolutionConfigurationPlatforms) = preSolution
		Debug|Any CPU = Debug|Any CPU
		Release|Any CPU = Release|Any CPU
	EndGlobalSection
	GlobalSection(ProjectConfigurationPlatforms) = postSolution
		{BF7B0F90-2F1A-40EF-BAE1-6FD879BA55CC}.Debug|Any CPU.ActiveCfg = Debug|Any CPU
		{BF7B0F90-2F1A-40EF-BAE1-6FD879BA55CC}.Debug|Any CPU.Build.0 = Debug|Any CPU
		{BF7B0F90-2F1A-40EF-BAE1-6FD879BA55CC}.Release|Any CPU.ActiveCfg = Release|Any CPU
		{BF7B0F90-2F1A-40EF-BAE1-6FD879BA55CC}.Release|Any CPU.Build.0 = Release|Any CPU
	EndGlobalSection
	GlobalSection(SolutionProperties) = preSolution
		HideSolutionNode = FALSE
	EndGlobalSection
	GlobalSection(ExtensibilityGlobals) = postSolution
		SolutionGuid = {AC082D17-825F-4F74-A7AA-5DE963857720}
	EndGlobalSection
EndGlobal
